
Microsoft Visual Studio Solution File, Format Version 12.00
# Visual Studio Version 16
VisualStudioVersion = 16.0.30611.23
MinimumVisualStudioVersion = 10.0.40219.1
Project("{8BC9CEB8-8B4A-11D0-8D11-00A0C91BC942}") = "Game Engine", "Game Engine\Game Engine.vcxproj", "{709DBF46-6EAB-4D55-8E69-7BE7DD9CABED}"
EndProject
Global
	GlobalSection(SolutionConfigurationPlatforms) = preSolution
		Debug|x64 = Debug|x64
		Debug|x86 = Debug|x86
		Release|x64 = Release|x64
		Release|x86 = Release|x86
	EndGlobalSection
	GlobalSection(ProjectConfigurationPlatforms) = postSolution
		{709DBF46-6EAB-4D55-8E69-7BE7DD9CABED}.Debug|x64.ActiveCfg = Debug|x64
		{709DBF46-6EAB-4D55-8E69-7BE7DD9CABED}.Debug|x64.Build.0 = Debug|x64
		{709DBF46-6EAB-4D55-8E69-7BE7DD9CABED}.Debug|x86.ActiveCfg = Debug|Win32
		{709DBF46-6EAB-4D55-8E69-7BE7DD9CABED}.Debug|x86.Build.0 = Debug|Win32
		{709DBF46-6EAB-4D55-8E69-7BE7DD9CABED}.Release|x64.ActiveCfg = Release|x64
		{709DBF46-6EAB-4D55-8E69-7BE7DD9CABED}.Release|x64.Build.0 = Release|x64
		{709DBF46-6EAB-4D55-8E69-7BE7DD9CABED}.Release|x86.ActiveCfg = Release|Win32
		{709DBF46-6EAB-4D55-8E69-7BE7DD9CABED}.Release|x86.Build.0 = Release|Win32
	EndGlobalSection
	GlobalSection(SolutionProperties) = preSolution
		HideSolutionNode = FALSE
	EndGlobalSection
	GlobalSection(ExtensibilityGlobals) = postSolution
		SolutionGuid = {869480B2-BBD1-4206-949F-AAF5786DEB45}
	EndGlobalSection
EndGlobal
